
Microsoft Visual Studio Solution File, Format Version 12.00
# Visual Studio Version 16
VisualStudioVersion = 16.0.31515.178
MinimumVisualStudioVersion = 10.0.40219.1
Project("{FAE04EC0-301F-11D3-BF4B-00C04F79EFBC}") = "string", "string\string.csproj", "{B0902F17-DB87-40A0-AEFF-FC21DB1D04E3}"
EndProject
Global
	GlobalSection(SolutionConfigurationPlatforms) = preSolution
		Debug|Any CPU = Debug|Any CPU
		Release|Any CPU = Release|Any CPU
	EndGlobalSection
	GlobalSection(ProjectConfigurationPlatforms) = postSolution
		{B0902F17-DB87-40A0-AEFF-FC21DB1D04E3}.Debug|Any CPU.ActiveCfg = Debug|Any CPU
		{B0902F17-DB87-40A0-AEFF-FC21DB1D04E3}.Debug|Any CPU.Build.0 = Debug|Any CPU
		{B0902F17-DB87-40A0-AEFF-FC21DB1D04E3}.Release|Any CPU.ActiveCfg = Release|Any CPU
		{B0902F17-DB87-40A0-AEFF-FC21DB1D04E3}.Release|Any CPU.Build.0 = Release|Any CPU
	EndGlobalSection
	GlobalSection(SolutionProperties) = preSolution
		HideSolutionNode = FALSE
	EndGlobalSection
	GlobalSection(ExtensibilityGlobals) = postSolution
		SolutionGuid = {F3FF8D2A-F236-4494-B881-0C944FCC110F}
	EndGlobalSection
EndGlobal
