
Microsoft Visual Studio Solution File, Format Version 12.00
# Visual Studio Version 16
VisualStudioVersion = 16.0.31515.178
MinimumVisualStudioVersion = 10.0.40219.1
Project("{FAE04EC0-301F-11D3-BF4B-00C04F79EFBC}") = "Rumah_Sakit", "Rumah_Sakit\Rumah_Sakit.csproj", "{D14A9C73-9819-4863-84AE-0FB57847F5F7}"
EndProject
Global
	GlobalSection(SolutionConfigurationPlatforms) = preSolution
		Debug|Any CPU = Debug|Any CPU
		Release|Any CPU = Release|Any CPU
	EndGlobalSection
	GlobalSection(ProjectConfigurationPlatforms) = postSolution
		{D14A9C73-9819-4863-84AE-0FB57847F5F7}.Debug|Any CPU.ActiveCfg = Debug|Any CPU
		{D14A9C73-9819-4863-84AE-0FB57847F5F7}.Debug|Any CPU.Build.0 = Debug|Any CPU
		{D14A9C73-9819-4863-84AE-0FB57847F5F7}.Release|Any CPU.ActiveCfg = Release|Any CPU
		{D14A9C73-9819-4863-84AE-0FB57847F5F7}.Release|Any CPU.Build.0 = Release|Any CPU
	EndGlobalSection
	GlobalSection(SolutionProperties) = preSolution
		HideSolutionNode = FALSE
	EndGlobalSection
	GlobalSection(ExtensibilityGlobals) = postSolution
		SolutionGuid = {E1605502-449F-4A3A-8A8A-09A6A1DC444F}
	EndGlobalSection
EndGlobal
